
Microsoft Visual Studio Solution File, Format Version 12.00
# Visual Studio Version 17
VisualStudioVersion = 17.11.35222.181
MinimumVisualStudioVersion = 10.0.40219.1
Project("{FAE04EC0-301F-11D3-BF4B-00C04F79EFBC}") = "1018_Nabila Laila Sholihah_UTS PBO", "1018_Nabila Laila Sholihah_UTS PBO\1018_Nabila Laila Sholihah_UTS PBO.csproj", "{343948F2-66FE-4963-936F-023F392441FD}"
EndProject
Global
	GlobalSection(SolutionConfigurationPlatforms) = preSolution
		Debug|Any CPU = Debug|Any CPU
		Release|Any CPU = Release|Any CPU
	EndGlobalSection
	GlobalSection(ProjectConfigurationPlatforms) = postSolution
		{343948F2-66FE-4963-936F-023F392441FD}.Debug|Any CPU.ActiveCfg = Debug|Any CPU
		{343948F2-66FE-4963-936F-023F392441FD}.Debug|Any CPU.Build.0 = Debug|Any CPU
		{343948F2-66FE-4963-936F-023F392441FD}.Release|Any CPU.ActiveCfg = Release|Any CPU
		{343948F2-66FE-4963-936F-023F392441FD}.Release|Any CPU.Build.0 = Release|Any CPU
	EndGlobalSection
	GlobalSection(SolutionProperties) = preSolution
		HideSolutionNode = FALSE
	EndGlobalSection
	GlobalSection(ExtensibilityGlobals) = postSolution
		SolutionGuid = {7BDEEEFD-C0EB-498E-8910-8FC47BF443AB}
	EndGlobalSection
EndGlobal
